
Microsoft Visual Studio Solution File, Format Version 12.00
# Visual Studio Version 17
VisualStudioVersion = 17.8.34525.116
MinimumVisualStudioVersion = 10.0.40219.1
Project("{FAE04EC0-301F-11D3-BF4B-00C04F79EFBC}") = "NewKhumaloCraft", "NewKhumaloCraft\NewKhumaloCraft.csproj", "{40C0A168-29A5-446D-A644-579E1DF1E33E}"
EndProject
Global
	GlobalSection(SolutionConfigurationPlatforms) = preSolution
		Debug|Any CPU = Debug|Any CPU
		Release|Any CPU = Release|Any CPU
	EndGlobalSection
	GlobalSection(ProjectConfigurationPlatforms) = postSolution
		{40C0A168-29A5-446D-A644-579E1DF1E33E}.Debug|Any CPU.ActiveCfg = Debug|Any CPU
		{40C0A168-29A5-446D-A644-579E1DF1E33E}.Debug|Any CPU.Build.0 = Debug|Any CPU
		{40C0A168-29A5-446D-A644-579E1DF1E33E}.Release|Any CPU.ActiveCfg = Release|Any CPU
		{40C0A168-29A5-446D-A644-579E1DF1E33E}.Release|Any CPU.Build.0 = Release|Any CPU
	EndGlobalSection
	GlobalSection(SolutionProperties) = preSolution
		HideSolutionNode = FALSE
	EndGlobalSection
	GlobalSection(ExtensibilityGlobals) = postSolution
		SolutionGuid = {3B8B4155-F9C7-480A-957C-F2397AF0BA9E}
	EndGlobalSection
EndGlobal
